
Microsoft Visual Studio Solution File, Format Version 12.00
# Visual Studio 15
VisualStudioVersion = 15.0.28010.2003
MinimumVisualStudioVersion = 10.0.40219.1
Project("{9A19103F-16F7-4668-BE54-9A1E7A4F7556}") = "ConsoleChatbot", "ConsoleChatbot.csproj", "{CA6EC82F-E02E-4DF4-9409-1B3A0E659257}"
EndProject
Global
	GlobalSection(SolutionConfigurationPlatforms) = preSolution
		Debug|Any CPU = Debug|Any CPU
		Release|Any CPU = Release|Any CPU
	EndGlobalSection
	GlobalSection(ProjectConfigurationPlatforms) = postSolution
		{CA6EC82F-E02E-4DF4-9409-1B3A0E659257}.Debug|Any CPU.ActiveCfg = Debug|Any CPU
		{CA6EC82F-E02E-4DF4-9409-1B3A0E659257}.Debug|Any CPU.Build.0 = Debug|Any CPU
		{CA6EC82F-E02E-4DF4-9409-1B3A0E659257}.Release|Any CPU.ActiveCfg = Release|Any CPU
		{CA6EC82F-E02E-4DF4-9409-1B3A0E659257}.Release|Any CPU.Build.0 = Release|Any CPU
	EndGlobalSection
	GlobalSection(SolutionProperties) = preSolution
		HideSolutionNode = FALSE
	EndGlobalSection
	GlobalSection(ExtensibilityGlobals) = postSolution
		SolutionGuid = {974ABA35-2FE7-4F4D-9229-C109C6B29309}
	EndGlobalSection
EndGlobal
